
Microsoft Visual Studio Solution File, Format Version 12.00
# Visual Studio Version 16
VisualStudioVersion = 16.0.30114.105
MinimumVisualStudioVersion = 10.0.40219.1
Project("{2150E333-8FDC-42A3-9474-1A3956D46DE8}") = "src", "src", "{C91648C7-69CC-428E-948C-EF60795DCD03}"
EndProject
Project("{9A19103F-16F7-4668-BE54-9A1E7A4F7556}") = "ZV200Utility.Core", "src\ZV200Utility.Core\ZV200Utility.Core.csproj", "{5006B2BF-0FB5-4E44-B487-54FE0C815300}"
EndProject
Project("{2150E333-8FDC-42A3-9474-1A3956D46DE8}") = "Services", "Services", "{43F55B81-5ABA-4E4C-98E5-7199D8140655}"
EndProject
Project("{2150E333-8FDC-42A3-9474-1A3956D46DE8}") = "Modules", "Modules", "{EAF3C8FE-663D-41E6-9D12-8698D0AC2CB3}"
EndProject
Project("{9A19103F-16F7-4668-BE54-9A1E7A4F7556}") = "ZV200Utility.Services.SerialPortScanner", "src\Services\ZV200Utility.Services.SerialPortScanner\ZV200Utility.Services.SerialPortScanner.csproj", "{9B2E72D2-8EE9-41A2-B982-25FC8538F718}"
EndProject
Project("{9A19103F-16F7-4668-BE54-9A1E7A4F7556}") = "ZV200Utility", "src\ZV200Utility\ZV200Utility.csproj", "{FFB3B8E2-1D02-4991-AC19-8A30EAB71BE7}"
EndProject
Project("{9A19103F-16F7-4668-BE54-9A1E7A4F7556}") = "ZV200Utility.Services.Notification", "src\Services\ZV200Utility.Services.Notification\ZV200Utility.Services.Notification.csproj", "{A051C7C0-D473-4AD0-8B4F-2222779D5E82}"
EndProject
Project("{9A19103F-16F7-4668-BE54-9A1E7A4F7556}") = "ZV200Utility.Services.DeviceManager", "src\Services\ZV200Utility.Services.DeviceManager\ZV200Utility.Services.DeviceManager.csproj", "{300EE5C1-B0C4-4D92-B623-0F82D19D6668}"
EndProject
Project("{9A19103F-16F7-4668-BE54-9A1E7A4F7556}") = "ZV200Utility.Modules.StatusRelays", "src\Modules\ZV200Utility.Modules.StatusRelays\ZV200Utility.Modules.StatusRelays.csproj", "{FBCD2A1C-3799-41FB-A174-0A4550078611}"
EndProject
Project("{FAE04EC0-301F-11D3-BF4B-00C04F79EFBC}") = "ZV200Utility.Modules.Setting", "src\Modules\ZV200Utility.Modules.Setting\ZV200Utility.Modules.Setting.csproj", "{FCD924C5-73D9-49CA-BB8D-AD3A7A57E217}"
EndProject
Project("{2150E333-8FDC-42A3-9474-1A3956D46DE8}") = "tests", "tests", "{69D55C22-7635-4406-9F2D-87AA916D3B34}"
EndProject
Project("{FAE04EC0-301F-11D3-BF4B-00C04F79EFBC}") = "ZV200Utility.Core.Test", "tests\ZV200Utility.Core.Test\ZV200Utility.Core.Test.csproj", "{B74F5BB6-9E70-4093-BB0B-BEB1D3A2F2A5}"
EndProject
Global
	GlobalSection(SolutionConfigurationPlatforms) = preSolution
		Debug|Any CPU = Debug|Any CPU
		Debug|x64 = Debug|x64
		Debug|x86 = Debug|x86
		Release|Any CPU = Release|Any CPU
		Release|x64 = Release|x64
		Release|x86 = Release|x86
	EndGlobalSection
	GlobalSection(ProjectConfigurationPlatforms) = postSolution
		{5006B2BF-0FB5-4E44-B487-54FE0C815300}.Debug|Any CPU.ActiveCfg = Debug|Any CPU
		{5006B2BF-0FB5-4E44-B487-54FE0C815300}.Debug|Any CPU.Build.0 = Debug|Any CPU
		{5006B2BF-0FB5-4E44-B487-54FE0C815300}.Debug|x64.ActiveCfg = Debug|Any CPU
		{5006B2BF-0FB5-4E44-B487-54FE0C815300}.Debug|x64.Build.0 = Debug|Any CPU
		{5006B2BF-0FB5-4E44-B487-54FE0C815300}.Debug|x86.ActiveCfg = Debug|Any CPU
		{5006B2BF-0FB5-4E44-B487-54FE0C815300}.Debug|x86.Build.0 = Debug|Any CPU
		{5006B2BF-0FB5-4E44-B487-54FE0C815300}.Release|Any CPU.ActiveCfg = Release|Any CPU
		{5006B2BF-0FB5-4E44-B487-54FE0C815300}.Release|Any CPU.Build.0 = Release|Any CPU
		{5006B2BF-0FB5-4E44-B487-54FE0C815300}.Release|x64.ActiveCfg = Release|Any CPU
		{5006B2BF-0FB5-4E44-B487-54FE0C815300}.Release|x64.Build.0 = Release|Any CPU
		{5006B2BF-0FB5-4E44-B487-54FE0C815300}.Release|x86.ActiveCfg = Release|Any CPU
		{5006B2BF-0FB5-4E44-B487-54FE0C815300}.Release|x86.Build.0 = Release|Any CPU
		{9B2E72D2-8EE9-41A2-B982-25FC8538F718}.Debug|Any CPU.ActiveCfg = Debug|Any CPU
		{9B2E72D2-8EE9-41A2-B982-25FC8538F718}.Debug|Any CPU.Build.0 = Debug|Any CPU
		{9B2E72D2-8EE9-41A2-B982-25FC8538F718}.Debug|x64.ActiveCfg = Debug|Any CPU
		{9B2E72D2-8EE9-41A2-B982-25FC8538F718}.Debug|x64.Build.0 = Debug|Any CPU
		{9B2E72D2-8EE9-41A2-B982-25FC8538F718}.Debug|x86.ActiveCfg = Debug|Any CPU
		{9B2E72D2-8EE9-41A2-B982-25FC8538F718}.Debug|x86.Build.0 = Debug|Any CPU
		{9B2E72D2-8EE9-41A2-B982-25FC8538F718}.Release|Any CPU.ActiveCfg = Release|Any CPU
		{9B2E72D2-8EE9-41A2-B982-25FC8538F718}.Release|Any CPU.Build.0 = Release|Any CPU
		{9B2E72D2-8EE9-41A2-B982-25FC8538F718}.Release|x64.ActiveCfg = Release|Any CPU
		{9B2E72D2-8EE9-41A2-B982-25FC8538F718}.Release|x64.Build.0 = Release|Any CPU
		{9B2E72D2-8EE9-41A2-B982-25FC8538F718}.Release|x86.ActiveCfg = Release|Any CPU
		{9B2E72D2-8EE9-41A2-B982-25FC8538F718}.Release|x86.Build.0 = Release|Any CPU
		{FFB3B8E2-1D02-4991-AC19-8A30EAB71BE7}.Debug|Any CPU.ActiveCfg = Debug|Any CPU
		{FFB3B8E2-1D02-4991-AC19-8A30EAB71BE7}.Debug|Any CPU.Build.0 = Debug|Any CPU
		{FFB3B8E2-1D02-4991-AC19-8A30EAB71BE7}.Debug|x64.ActiveCfg = Debug|Any CPU
		{FFB3B8E2-1D02-4991-AC19-8A30EAB71BE7}.Debug|x64.Build.0 = Debug|Any CPU
		{FFB3B8E2-1D02-4991-AC19-8A30EAB71BE7}.Debug|x86.ActiveCfg = Debug|Any CPU
		{FFB3B8E2-1D02-4991-AC19-8A30EAB71BE7}.Debug|x86.Build.0 = Debug|Any CPU
		{FFB3B8E2-1D02-4991-AC19-8A30EAB71BE7}.Release|Any CPU.ActiveCfg = Release|Any CPU
		{FFB3B8E2-1D02-4991-AC19-8A30EAB71BE7}.Release|Any CPU.Build.0 = Release|Any CPU
		{FFB3B8E2-1D02-4991-AC19-8A30EAB71BE7}.Release|x64.ActiveCfg = Release|Any CPU
		{FFB3B8E2-1D02-4991-AC19-8A30EAB71BE7}.Release|x64.Build.0 = Release|Any CPU
		{FFB3B8E2-1D02-4991-AC19-8A30EAB71BE7}.Release|x86.ActiveCfg = Release|Any CPU
		{FFB3B8E2-1D02-4991-AC19-8A30EAB71BE7}.Release|x86.Build.0 = Release|Any CPU
		{A051C7C0-D473-4AD0-8B4F-2222779D5E82}.Debug|Any CPU.ActiveCfg = Debug|Any CPU
		{A051C7C0-D473-4AD0-8B4F-2222779D5E82}.Debug|Any CPU.Build.0 = Debug|Any CPU
		{A051C7C0-D473-4AD0-8B4F-2222779D5E82}.Debug|x64.ActiveCfg = Debug|Any CPU
		{A051C7C0-D473-4AD0-8B4F-2222779D5E82}.Debug|x64.Build.0 = Debug|Any CPU
		{A051C7C0-D473-4AD0-8B4F-2222779D5E82}.Debug|x86.ActiveCfg = Debug|Any CPU
		{A051C7C0-D473-4AD0-8B4F-2222779D5E82}.Debug|x86.Build.0 = Debug|Any CPU
		{A051C7C0-D473-4AD0-8B4F-2222779D5E82}.Release|Any CPU.ActiveCfg = Release|Any CPU
		{A051C7C0-D473-4AD0-8B4F-2222779D5E82}.Release|Any CPU.Build.0 = Release|Any CPU
		{A051C7C0-D473-4AD0-8B4F-2222779D5E82}.Release|x64.ActiveCfg = Release|Any CPU
		{A051C7C0-D473-4AD0-8B4F-2222779D5E82}.Release|x64.Build.0 = Release|Any CPU
		{A051C7C0-D473-4AD0-8B4F-2222779D5E82}.Release|x86.ActiveCfg = Release|Any CPU
		{A051C7C0-D473-4AD0-8B4F-2222779D5E82}.Release|x86.Build.0 = Release|Any CPU
		{300EE5C1-B0C4-4D92-B623-0F82D19D6668}.Debug|Any CPU.ActiveCfg = Debug|Any CPU
		{300EE5C1-B0C4-4D92-B623-0F82D19D6668}.Debug|Any CPU.Build.0 = Debug|Any CPU
		{300EE5C1-B0C4-4D92-B623-0F82D19D6668}.Debug|x64.ActiveCfg = Debug|Any CPU
		{300EE5C1-B0C4-4D92-B623-0F82D19D6668}.Debug|x64.Build.0 = Debug|Any CPU
		{300EE5C1-B0C4-4D92-B623-0F82D19D6668}.Debug|x86.ActiveCfg = Debug|Any CPU
		{300EE5C1-B0C4-4D92-B623-0F82D19D6668}.Debug|x86.Build.0 = Debug|Any CPU
		{300EE5C1-B0C4-4D92-B623-0F82D19D6668}.Release|Any CPU.ActiveCfg = Release|Any CPU
		{300EE5C1-B0C4-4D92-B623-0F82D19D6668}.Release|Any CPU.Build.0 = Release|Any CPU
		{300EE5C1-B0C4-4D92-B623-0F82D19D6668}.Release|x64.ActiveCfg = Release|Any CPU
		{300EE5C1-B0C4-4D92-B623-0F82D19D6668}.Release|x64.Build.0 = Release|Any CPU
		{300EE5C1-B0C4-4D92-B623-0F82D19D6668}.Release|x86.ActiveCfg = Release|Any CPU
		{300EE5C1-B0C4-4D92-B623-0F82D19D6668}.Release|x86.Build.0 = Release|Any CPU
		{FBCD2A1C-3799-41FB-A174-0A4550078611}.Debug|Any CPU.ActiveCfg = Debug|Any CPU
		{FBCD2A1C-3799-41FB-A174-0A4550078611}.Debug|Any CPU.Build.0 = Debug|Any CPU
		{FBCD2A1C-3799-41FB-A174-0A4550078611}.Debug|x64.ActiveCfg = Debug|Any CPU
		{FBCD2A1C-3799-41FB-A174-0A4550078611}.Debug|x64.Build.0 = Debug|Any CPU
		{FBCD2A1C-3799-41FB-A174-0A4550078611}.Debug|x86.ActiveCfg = Debug|Any CPU
		{FBCD2A1C-3799-41FB-A174-0A4550078611}.Debug|x86.Build.0 = Debug|Any CPU
		{FBCD2A1C-3799-41FB-A174-0A4550078611}.Release|Any CPU.ActiveCfg = Release|Any CPU
		{FBCD2A1C-3799-41FB-A174-0A4550078611}.Release|Any CPU.Build.0 = Release|Any CPU
		{FBCD2A1C-3799-41FB-A174-0A4550078611}.Release|x64.ActiveCfg = Release|Any CPU
		{FBCD2A1C-3799-41FB-A174-0A4550078611}.Release|x64.Build.0 = Release|Any CPU
		{FBCD2A1C-3799-41FB-A174-0A4550078611}.Release|x86.ActiveCfg = Release|Any CPU
		{FBCD2A1C-3799-41FB-A174-0A4550078611}.Release|x86.Build.0 = Release|Any CPU
		{FCD924C5-73D9-49CA-BB8D-AD3A7A57E217}.Debug|Any CPU.ActiveCfg = Debug|Any CPU
		{FCD924C5-73D9-49CA-BB8D-AD3A7A57E217}.Debug|Any CPU.Build.0 = Debug|Any CPU
		{FCD924C5-73D9-49CA-BB8D-AD3A7A57E217}.Debug|x64.ActiveCfg = Debug|Any CPU
		{FCD924C5-73D9-49CA-BB8D-AD3A7A57E217}.Debug|x64.Build.0 = Debug|Any CPU
		{FCD924C5-73D9-49CA-BB8D-AD3A7A57E217}.Debug|x86.ActiveCfg = Debug|Any CPU
		{FCD924C5-73D9-49CA-BB8D-AD3A7A57E217}.Debug|x86.Build.0 = Debug|Any CPU
		{FCD924C5-73D9-49CA-BB8D-AD3A7A57E217}.Release|Any CPU.ActiveCfg = Release|Any CPU
		{FCD924C5-73D9-49CA-BB8D-AD3A7A57E217}.Release|Any CPU.Build.0 = Release|Any CPU
		{FCD924C5-73D9-49CA-BB8D-AD3A7A57E217}.Release|x64.ActiveCfg = Release|Any CPU
		{FCD924C5-73D9-49CA-BB8D-AD3A7A57E217}.Release|x64.Build.0 = Release|Any CPU
		{FCD924C5-73D9-49CA-BB8D-AD3A7A57E217}.Release|x86.ActiveCfg = Release|Any CPU
		{FCD924C5-73D9-49CA-BB8D-AD3A7A57E217}.Release|x86.Build.0 = Release|Any CPU
		{B74F5BB6-9E70-4093-BB0B-BEB1D3A2F2A5}.Debug|Any CPU.ActiveCfg = Debug|Any CPU
		{B74F5BB6-9E70-4093-BB0B-BEB1D3A2F2A5}.Debug|Any CPU.Build.0 = Debug|Any CPU
		{B74F5BB6-9E70-4093-BB0B-BEB1D3A2F2A5}.Debug|x64.ActiveCfg = Debug|Any CPU
		{B74F5BB6-9E70-4093-BB0B-BEB1D3A2F2A5}.Debug|x64.Build.0 = Debug|Any CPU
		{B74F5BB6-9E70-4093-BB0B-BEB1D3A2F2A5}.Debug|x86.ActiveCfg = Debug|Any CPU
		{B74F5BB6-9E70-4093-BB0B-BEB1D3A2F2A5}.Debug|x86.Build.0 = Debug|Any CPU
		{B74F5BB6-9E70-4093-BB0B-BEB1D3A2F2A5}.Release|Any CPU.ActiveCfg = Release|Any CPU
		{B74F5BB6-9E70-4093-BB0B-BEB1D3A2F2A5}.Release|Any CPU.Build.0 = Release|Any CPU
		{B74F5BB6-9E70-4093-BB0B-BEB1D3A2F2A5}.Release|x64.ActiveCfg = Release|Any CPU
		{B74F5BB6-9E70-4093-BB0B-BEB1D3A2F2A5}.Release|x64.Build.0 = Release|Any CPU
		{B74F5BB6-9E70-4093-BB0B-BEB1D3A2F2A5}.Release|x86.ActiveCfg = Release|Any CPU
		{B74F5BB6-9E70-4093-BB0B-BEB1D3A2F2A5}.Release|x86.Build.0 = Release|Any CPU
	EndGlobalSection
	GlobalSection(SolutionProperties) = preSolution
		HideSolutionNode = FALSE
	EndGlobalSection
	GlobalSection(NestedProjects) = preSolution
		{5006B2BF-0FB5-4E44-B487-54FE0C815300} = {C91648C7-69CC-428E-948C-EF60795DCD03}
		{43F55B81-5ABA-4E4C-98E5-7199D8140655} = {C91648C7-69CC-428E-948C-EF60795DCD03}
		{EAF3C8FE-663D-41E6-9D12-8698D0AC2CB3} = {C91648C7-69CC-428E-948C-EF60795DCD03}
		{9B2E72D2-8EE9-41A2-B982-25FC8538F718} = {43F55B81-5ABA-4E4C-98E5-7199D8140655}
		{FFB3B8E2-1D02-4991-AC19-8A30EAB71BE7} = {C91648C7-69CC-428E-948C-EF60795DCD03}
		{A051C7C0-D473-4AD0-8B4F-2222779D5E82} = {43F55B81-5ABA-4E4C-98E5-7199D8140655}
		{300EE5C1-B0C4-4D92-B623-0F82D19D6668} = {43F55B81-5ABA-4E4C-98E5-7199D8140655}
		{FBCD2A1C-3799-41FB-A174-0A4550078611} = {EAF3C8FE-663D-41E6-9D12-8698D0AC2CB3}
		{FCD924C5-73D9-49CA-BB8D-AD3A7A57E217} = {EAF3C8FE-663D-41E6-9D12-8698D0AC2CB3}
		{B74F5BB6-9E70-4093-BB0B-BEB1D3A2F2A5} = {69D55C22-7635-4406-9F2D-87AA916D3B34}
	EndGlobalSection
	GlobalSection(ExtensibilityGlobals) = postSolution
		SolutionGuid = {5CA83C30-30FD-4991-9944-65871812A59A}
	EndGlobalSection
EndGlobal
